
Microsoft Visual Studio Solution File, Format Version 12.00
# Visual Studio 15
VisualStudioVersion = 15.0.27004.2002
MinimumVisualStudioVersion = 10.0.40219.1
Project("{9A19103F-16F7-4668-BE54-9A1E7A4F7556}") = "Sportiada.Web", "Sportiada.Web\Sportiada.Web.csproj", "{AE02CB66-5D9D-48C6-A689-40EBA6E2694E}"
EndProject
Project("{9A19103F-16F7-4668-BE54-9A1E7A4F7556}") = "Sportiada.Data", "Sportiada.Data\Sportiada.Data.csproj", "{3745DA6E-A801-4969-926C-D7876FFF03E1}"
EndProject
Project("{9A19103F-16F7-4668-BE54-9A1E7A4F7556}") = "Sportiada.Services", "Sportiada.Services\Sportiada.Services.csproj", "{F14E0728-11BE-4D69-B9C8-B8E0031BFAA1}"
EndProject
Global
	GlobalSection(SolutionConfigurationPlatforms) = preSolution
		Debug|Any CPU = Debug|Any CPU
		Release|Any CPU = Release|Any CPU
	EndGlobalSection
	GlobalSection(ProjectConfigurationPlatforms) = postSolution
		{AE02CB66-5D9D-48C6-A689-40EBA6E2694E}.Debug|Any CPU.ActiveCfg = Debug|Any CPU
		{AE02CB66-5D9D-48C6-A689-40EBA6E2694E}.Debug|Any CPU.Build.0 = Debug|Any CPU
		{AE02CB66-5D9D-48C6-A689-40EBA6E2694E}.Release|Any CPU.ActiveCfg = Release|Any CPU
		{AE02CB66-5D9D-48C6-A689-40EBA6E2694E}.Release|Any CPU.Build.0 = Release|Any CPU
		{3745DA6E-A801-4969-926C-D7876FFF03E1}.Debug|Any CPU.ActiveCfg = Debug|Any CPU
		{3745DA6E-A801-4969-926C-D7876FFF03E1}.Debug|Any CPU.Build.0 = Debug|Any CPU
		{3745DA6E-A801-4969-926C-D7876FFF03E1}.Release|Any CPU.ActiveCfg = Release|Any CPU
		{3745DA6E-A801-4969-926C-D7876FFF03E1}.Release|Any CPU.Build.0 = Release|Any CPU
		{F14E0728-11BE-4D69-B9C8-B8E0031BFAA1}.Debug|Any CPU.ActiveCfg = Debug|Any CPU
		{F14E0728-11BE-4D69-B9C8-B8E0031BFAA1}.Debug|Any CPU.Build.0 = Debug|Any CPU
		{F14E0728-11BE-4D69-B9C8-B8E0031BFAA1}.Release|Any CPU.ActiveCfg = Release|Any CPU
		{F14E0728-11BE-4D69-B9C8-B8E0031BFAA1}.Release|Any CPU.Build.0 = Release|Any CPU
	EndGlobalSection
	GlobalSection(SolutionProperties) = preSolution
		HideSolutionNode = FALSE
	EndGlobalSection
	GlobalSection(ExtensibilityGlobals) = postSolution
		SolutionGuid = {E832871B-D9AC-44BE-BC1E-A74B55461CE6}
	EndGlobalSection
EndGlobal
